
Microsoft Visual Studio Solution File, Format Version 12.00
# Visual Studio 15
VisualStudioVersion = 15.0.27703.2047
MinimumVisualStudioVersion = 10.0.40219.1
Project("{FAE04EC0-301F-11D3-BF4B-00C04F79EFBC}") = "TNDStudios.DataPortals.Core", "Core\TNDStudios.DataPortals.Core.csproj", "{EF9B1E41-5AC2-42A8-8EC2-0B0EDA09257D}"
EndProject
Project("{FAE04EC0-301F-11D3-BF4B-00C04F79EFBC}") = "TNDStudios.DataPortals.Definitions", "Definitions\TNDStudios.DataPortals.Definitions.csproj", "{AEF68360-47F0-4D3F-A932-C38C7471E203}"
EndProject
Global
	GlobalSection(SolutionConfigurationPlatforms) = preSolution
		Debug|Any CPU = Debug|Any CPU
		Release|Any CPU = Release|Any CPU
	EndGlobalSection
	GlobalSection(ProjectConfigurationPlatforms) = postSolution
		{EF9B1E41-5AC2-42A8-8EC2-0B0EDA09257D}.Debug|Any CPU.ActiveCfg = Debug|Any CPU
		{EF9B1E41-5AC2-42A8-8EC2-0B0EDA09257D}.Debug|Any CPU.Build.0 = Debug|Any CPU
		{EF9B1E41-5AC2-42A8-8EC2-0B0EDA09257D}.Release|Any CPU.ActiveCfg = Release|Any CPU
		{EF9B1E41-5AC2-42A8-8EC2-0B0EDA09257D}.Release|Any CPU.Build.0 = Release|Any CPU
		{AEF68360-47F0-4D3F-A932-C38C7471E203}.Debug|Any CPU.ActiveCfg = Debug|Any CPU
		{AEF68360-47F0-4D3F-A932-C38C7471E203}.Debug|Any CPU.Build.0 = Debug|Any CPU
		{AEF68360-47F0-4D3F-A932-C38C7471E203}.Release|Any CPU.ActiveCfg = Release|Any CPU
		{AEF68360-47F0-4D3F-A932-C38C7471E203}.Release|Any CPU.Build.0 = Release|Any CPU
	EndGlobalSection
	GlobalSection(SolutionProperties) = preSolution
		HideSolutionNode = FALSE
	EndGlobalSection
	GlobalSection(ExtensibilityGlobals) = postSolution
		SolutionGuid = {D8202D49-0076-4988-B655-6EFE04348F65}
	EndGlobalSection
EndGlobal
