
Microsoft Visual Studio Solution File, Format Version 12.00
# Visual Studio 15
VisualStudioVersion = 15.0.27703.2047
MinimumVisualStudioVersion = 10.0.40219.1
Project("{9A19103F-16F7-4668-BE54-9A1E7A4F7556}") = "Core", "Core\Core.csproj", "{EF9B1E41-5AC2-42A8-8EC2-0B0EDA09257D}"
EndProject
Project("{9A19103F-16F7-4668-BE54-9A1E7A4F7556}") = "MSSQLProvider", "MSSQLProvider\MSSQLProvider.csproj", "{ABC36FCA-6CC4-4218-A98D-4C29B7DA267F}"
EndProject
Project("{9A19103F-16F7-4668-BE54-9A1E7A4F7556}") = "FlatFileProvider", "FlatFileProvider\FlatFileProvider.csproj", "{D036DF1E-976C-47BC-995F-E88C86D45856}"
EndProject
Project("{2150E333-8FDC-42A3-9474-1A3956D46DE8}") = "Providers", "Providers", "{37268162-FC85-4421-8FE2-9B79B801A0EA}"
EndProject
Project("{9A19103F-16F7-4668-BE54-9A1E7A4F7556}") = "FlatFileProvider.Tests", "FlatFileProvider.Tests\FlatFileProvider.Tests.csproj", "{B63F407F-BD66-435A-A775-E4428871A93C}"
EndProject
Project("{9A19103F-16F7-4668-BE54-9A1E7A4F7556}") = "UI", "UI\UI.csproj", "{9EE88884-7255-4780-8362-1699B6DA458F}"
EndProject
Project("{9A19103F-16F7-4668-BE54-9A1E7A4F7556}") = "Common", "Common\Common.csproj", "{6942A310-41DD-4B8C-A1F4-27D2827772D6}"
EndProject
Project("{FAE04EC0-301F-11D3-BF4B-00C04F79EFBC}") = "Common.Tests", "Common.Tests\Common.Tests.csproj", "{F34E8A9A-74B1-457A-B4AA-96F457868C37}"
EndProject
Global
	GlobalSection(SolutionConfigurationPlatforms) = preSolution
		Debug|Any CPU = Debug|Any CPU
		Release|Any CPU = Release|Any CPU
	EndGlobalSection
	GlobalSection(ProjectConfigurationPlatforms) = postSolution
		{EF9B1E41-5AC2-42A8-8EC2-0B0EDA09257D}.Debug|Any CPU.ActiveCfg = Debug|Any CPU
		{EF9B1E41-5AC2-42A8-8EC2-0B0EDA09257D}.Debug|Any CPU.Build.0 = Debug|Any CPU
		{EF9B1E41-5AC2-42A8-8EC2-0B0EDA09257D}.Release|Any CPU.ActiveCfg = Release|Any CPU
		{EF9B1E41-5AC2-42A8-8EC2-0B0EDA09257D}.Release|Any CPU.Build.0 = Release|Any CPU
		{ABC36FCA-6CC4-4218-A98D-4C29B7DA267F}.Debug|Any CPU.ActiveCfg = Debug|Any CPU
		{ABC36FCA-6CC4-4218-A98D-4C29B7DA267F}.Debug|Any CPU.Build.0 = Debug|Any CPU
		{ABC36FCA-6CC4-4218-A98D-4C29B7DA267F}.Release|Any CPU.ActiveCfg = Release|Any CPU
		{ABC36FCA-6CC4-4218-A98D-4C29B7DA267F}.Release|Any CPU.Build.0 = Release|Any CPU
		{D036DF1E-976C-47BC-995F-E88C86D45856}.Debug|Any CPU.ActiveCfg = Debug|Any CPU
		{D036DF1E-976C-47BC-995F-E88C86D45856}.Debug|Any CPU.Build.0 = Debug|Any CPU
		{D036DF1E-976C-47BC-995F-E88C86D45856}.Release|Any CPU.ActiveCfg = Release|Any CPU
		{D036DF1E-976C-47BC-995F-E88C86D45856}.Release|Any CPU.Build.0 = Release|Any CPU
		{B63F407F-BD66-435A-A775-E4428871A93C}.Debug|Any CPU.ActiveCfg = Debug|Any CPU
		{B63F407F-BD66-435A-A775-E4428871A93C}.Debug|Any CPU.Build.0 = Debug|Any CPU
		{B63F407F-BD66-435A-A775-E4428871A93C}.Release|Any CPU.ActiveCfg = Release|Any CPU
		{B63F407F-BD66-435A-A775-E4428871A93C}.Release|Any CPU.Build.0 = Release|Any CPU
		{9EE88884-7255-4780-8362-1699B6DA458F}.Debug|Any CPU.ActiveCfg = Debug|Any CPU
		{9EE88884-7255-4780-8362-1699B6DA458F}.Debug|Any CPU.Build.0 = Debug|Any CPU
		{9EE88884-7255-4780-8362-1699B6DA458F}.Release|Any CPU.ActiveCfg = Release|Any CPU
		{9EE88884-7255-4780-8362-1699B6DA458F}.Release|Any CPU.Build.0 = Release|Any CPU
		{6942A310-41DD-4B8C-A1F4-27D2827772D6}.Debug|Any CPU.ActiveCfg = Debug|Any CPU
		{6942A310-41DD-4B8C-A1F4-27D2827772D6}.Debug|Any CPU.Build.0 = Debug|Any CPU
		{6942A310-41DD-4B8C-A1F4-27D2827772D6}.Release|Any CPU.ActiveCfg = Release|Any CPU
		{6942A310-41DD-4B8C-A1F4-27D2827772D6}.Release|Any CPU.Build.0 = Release|Any CPU
		{F34E8A9A-74B1-457A-B4AA-96F457868C37}.Debug|Any CPU.ActiveCfg = Debug|Any CPU
		{F34E8A9A-74B1-457A-B4AA-96F457868C37}.Debug|Any CPU.Build.0 = Debug|Any CPU
		{F34E8A9A-74B1-457A-B4AA-96F457868C37}.Release|Any CPU.ActiveCfg = Release|Any CPU
		{F34E8A9A-74B1-457A-B4AA-96F457868C37}.Release|Any CPU.Build.0 = Release|Any CPU
	EndGlobalSection
	GlobalSection(SolutionProperties) = preSolution
		HideSolutionNode = FALSE
	EndGlobalSection
	GlobalSection(NestedProjects) = preSolution
		{ABC36FCA-6CC4-4218-A98D-4C29B7DA267F} = {37268162-FC85-4421-8FE2-9B79B801A0EA}
		{D036DF1E-976C-47BC-995F-E88C86D45856} = {37268162-FC85-4421-8FE2-9B79B801A0EA}
		{B63F407F-BD66-435A-A775-E4428871A93C} = {37268162-FC85-4421-8FE2-9B79B801A0EA}
	EndGlobalSection
	GlobalSection(ExtensibilityGlobals) = postSolution
		SolutionGuid = {D8202D49-0076-4988-B655-6EFE04348F65}
	EndGlobalSection
EndGlobal
